
Microsoft Visual Studio Solution File, Format Version 12.00
# Visual Studio Version 17
VisualStudioVersion = 17.5.002.0
MinimumVisualStudioVersion = 10.0.40219.1
Project("{9A19103F-16F7-4668-BE54-9A1E7A4F7556}") = "ToDoList.Tests", "ToDoList.Tests\ToDoList.Tests.csproj", "{57DD90C4-C611-4BC3-AAEB-151B2DA66FFE}"
EndProject
Project("{9A19103F-16F7-4668-BE54-9A1E7A4F7556}") = "ToDoList", "ToDoList\ToDoList.csproj", "{24BC61AF-F291-4A94-874E-DFE71A02AD8E}"
EndProject
Global
	GlobalSection(SolutionConfigurationPlatforms) = preSolution
		Debug|Any CPU = Debug|Any CPU
		Release|Any CPU = Release|Any CPU
	EndGlobalSection
	GlobalSection(ProjectConfigurationPlatforms) = postSolution
		{57DD90C4-C611-4BC3-AAEB-151B2DA66FFE}.Debug|Any CPU.ActiveCfg = Debug|Any CPU
		{57DD90C4-C611-4BC3-AAEB-151B2DA66FFE}.Debug|Any CPU.Build.0 = Debug|Any CPU
		{57DD90C4-C611-4BC3-AAEB-151B2DA66FFE}.Release|Any CPU.ActiveCfg = Release|Any CPU
		{57DD90C4-C611-4BC3-AAEB-151B2DA66FFE}.Release|Any CPU.Build.0 = Release|Any CPU
		{24BC61AF-F291-4A94-874E-DFE71A02AD8E}.Debug|Any CPU.ActiveCfg = Debug|Any CPU
		{24BC61AF-F291-4A94-874E-DFE71A02AD8E}.Debug|Any CPU.Build.0 = Debug|Any CPU
		{24BC61AF-F291-4A94-874E-DFE71A02AD8E}.Release|Any CPU.ActiveCfg = Release|Any CPU
		{24BC61AF-F291-4A94-874E-DFE71A02AD8E}.Release|Any CPU.Build.0 = Release|Any CPU
	EndGlobalSection
	GlobalSection(SolutionProperties) = preSolution
		HideSolutionNode = FALSE
	EndGlobalSection
	GlobalSection(ExtensibilityGlobals) = postSolution
		SolutionGuid = {AC8AF90E-8F81-41D2-92F0-4685D42CB6E8}
	EndGlobalSection
EndGlobal
